// !$*UTF8*$!
{
	archiveVersion = 1;
	classes = {
	};
	objectVersion = 46;
	objects = {

/* Begin PBXBuildFile section */
		DEE697BA1AA3EE1300F02C08 /* AppDelegate.swift in Sources */ = {isa = PBXBuildFile; fileRef = DEE697B91AA3EE1300F02C08 /* AppDelegate.swift */; };
		DEE697BC1AA3EE1300F02C08 /* ViewController.swift in Sources */ = {isa = PBXBuildFile; fileRef = DEE697BB1AA3EE1300F02C08 /* ViewController.swift */; };
		DEE697BF1AA3EE1300F02C08 /* Main.storyboard in Resources */ = {isa = PBXBuildFile; fileRef = DEE697BD1AA3EE1300F02C08 /* Main.storyboard */; };
		DEE697C11AA3EE1300F02C08 /* Images.xcassets in Resources */ = {isa = PBXBuildFile; fileRef = DEE697C01AA3EE1300F02C08 /* Images.xcassets */; };
		DEE697C41AA3EE1300F02C08 /* LaunchScreen.xib in Resources */ = {isa = PBXBuildFile; fileRef = DEE697C21AA3EE1300F02C08 /* LaunchScreen.xib */; };
		DEE697D01AA3EE1400F02C08 /* Navigation_BarsTests.swift in Sources */ = {isa = PBXBuildFile; fileRef = DEE697CF1AA3EE1400F02C08 /* Navigation_BarsTests.swift */; };
/* End PBXBuildFile section */

/* Begin PBXContainerItemProxy section */
		DEE697CA1AA3EE1300F02C08 /* PBXContainerItemProxy */ = {
			isa = PBXContainerItemProxy;
			containerPortal = DEE697AC1AA3EE1200F02C08 /* Project object */;
			proxyType = 1;
			remoteGlobalIDString = DEE697B31AA3EE1200F02C08;
			remoteInfo = "Navigation Bars";
		};
/* End PBXContainerItemProxy section */

/* Begin PBXFileReference section */
		DEE697B41AA3EE1300F02C08 /* Navigation Bars.app */ = {isa = PBXFileReference; explicitFileType = wrapper.application; includeInIndex = 0; path = "Navigation Bars.app"; sourceTree = BUILT_PRODUCTS_DIR; };
		DEE697B81AA3EE1300F02C08 /* Info.plist */ = {isa = PBXFileReference; lastKnownFileType = text.plist.xml; path = Info.plist; sourceTree = "<group>"; };
		DEE697B91AA3EE1300F02C08 /* AppDelegate.swift */ = {isa = PBXFileReference; lastKnownFileType = sourcecode.swift; path = AppDelegate.swift; sourceTree = "<group>"; };
		DEE697BB1AA3EE1300F02C08 /* ViewController.swift */ = {isa = PBXFileReference; lastKnownFileType = sourcecode.swift; path = ViewController.swift; sourceTree = "<group>"; };
		DEE697BE1AA3EE1300F02C08 /* Base */ = {isa = PBXFileReference; lastKnownFileType = file.storyboard; name = Base; path = Base.lproj/Main.storyboard; sourceTree = "<group>"; };
		DEE697C01AA3EE1300F02C08 /* Images.xcassets */ = {isa = PBXFileReference; lastKnownFileType = folder.assetcatalog; path = Images.xcassets; sourceTree = "<group>"; };
		DEE697C31AA3EE1300F02C08 /* Base */ = {isa = PBXFileReference; lastKnownFileType = file.xib; name = Base; path = Base.lproj/LaunchScreen.xib; sourceTree = "<group>"; };
		DEE697C91AA3EE1300F02C08 /* Navigation BarsTests.xctest */ = {isa = PBXFileReference; explicitFileType = wrapper.cfbundle; includeInIndex = 0; path = "Navigation BarsTests.xctest"; sourceTree = BUILT_PRODUCTS_DIR; };
		DEE697CE1AA3EE1400F02C08 /* Info.plist */ = {isa = PBXFileReference; lastKnownFileType = text.plist.xml; path = Info.plist; sourceTree = "<group>"; };
		DEE697CF1AA3EE1400F02C08 /* Navigation_BarsTests.swift */ = {isa = PBXFileReference; lastKnownFileType = sourcecode.swift; path = Navigation_BarsTests.swift; sourceTree = "<group>"; };
/* End PBXFileReference section */

/* Begin PBXFrameworksBuildPhase section */
		DEE697B11AA3EE1200F02C08 /* Frameworks */ = {
			isa = PBXFrameworksBuildPhase;
			buildActionMask = 2147483647;
			files = (
			);
			runOnlyForDeploymentPostprocessing = 0;
		};
		DEE697C61AA3EE1300F02C08 /* Frameworks */ = {
			isa = PBXFrameworksBuildPhase;
			buildActionMask = 2147483647;
			files = (
			);
			runOnlyForDeploymentPostprocessing = 0;
		};
/* End PBXFrameworksBuildPhase section */

/* Begin PBXGroup section */
		DEE697AB1AA3EE1200F02C08 = {
			isa = PBXGroup;
			children = (
				DEE697B61AA3EE1300F02C08 /* Navigation Bars */,
				DEE697CC1AA3EE1300F02C08 /* Navigation BarsTests */,
				DEE697B51AA3EE1300F02C08 /* Products */,
			);
			sourceTree = "<group>";
		};
		DEE697B51AA3EE1300F02C08 /* Products */ = {
			isa = PBXGroup;
			children = (
				DEE697B41AA3EE1300F02C08 /* Navigation Bars.app */,
				DEE697C91AA3EE1300F02C08 /* Navigation BarsTests.xctest */,
			);
			name = Products;
			sourceTree = "<group>";
		};
		DEE697B61AA3EE1300F02C08 /* Navigation Bars */ = {
			isa = PBXGroup;
			children = (
				DEE697B91AA3EE1300F02C08 /* AppDelegate.swift */,
				DEE697BB1AA3EE1300F02C08 /* ViewController.swift */,
				DEE697BD1AA3EE1300F02C08 /* Main.storyboard */,
				DEE697C01AA3EE1300F02C08 /* Images.xcassets */,
				DEE697C21AA3EE1300F02C08 /* LaunchScreen.xib */,
				DEE697B71AA3EE1300F02C08 /* Supporting Files */,
			);
			path = "Navigation Bars";
			sourceTree = "<group>";
		};
		DEE697B71AA3EE1300F02C08 /* Supporting Files */ = {
			isa = PBXGroup;
			children = (
				DEE697B81AA3EE1300F02C08 /* Info.plist */,
			);
			name = "Supporting Files";
			sourceTree = "<group>";
		};
		DEE697CC1AA3EE1300F02C08 /* Navigation BarsTests */ = {
			isa = PBXGroup;
			children = (
				DEE697CF1AA3EE1400F02C08 /* Navigation_BarsTests.swift */,
				DEE697CD1AA3EE1300F02C08 /* Supporting Files */,
			);
			path = "Navigation BarsTests";
			sourceTree = "<group>";
		};
		DEE697CD1AA3EE1300F02C08 /* Supporting Files */ = {
			isa = PBXGroup;
			children = (
				DEE697CE1AA3EE1400F02C08 /* Info.plist */,
			);
			name = "Supporting Files";
			sourceTree = "<group>";
		};
/* End PBXGroup section */

/* Begin PBXNativeTarget section */
		DEE697B31AA3EE1200F02C08 /* Navigation Bars */ = {
			isa = PBXNativeTarget;
			buildConfigurationList = DEE697D31AA3EE1400F02C08 /* Build configuration list for PBXNativeTarget "Navigation Bars" */;
			buildPhases = (
				DEE697B01AA3EE1200F02C08 /* Sources */,
				DEE697B11AA3EE1200F02C08 /* Frameworks */,
				DEE697B21AA3EE1200F02C08 /* Resources */,
			);
			buildRules = (
			);
			dependencies = (
			);
			name = "Navigation Bars";
			productName = "Navigation Bars";
			productReference = DEE697B41AA3EE1300F02C08 /* Navigation Bars.app */;
			productType = "com.apple.product-type.application";
		};
		DEE697C81AA3EE1300F02C08 /* Navigation BarsTests */ = {
			isa = PBXNativeTarget;
			buildConfigurationList = DEE697D61AA3EE1400F02C08 /* Build configuration list for PBXNativeTarget "Navigation BarsTests" */;
			buildPhases = (
				DEE697C51AA3EE1300F02C08 /* Sources */,
				DEE697C61AA3EE1300F02C08 /* Frameworks */,
				DEE697C71AA3EE1300F02C08 /* Resources */,
			);
			buildRules = (
			);
			dependencies = (
				DEE697CB1AA3EE1300F02C08 /* PBXTargetDependency */,
			);
			name = "Navigation BarsTests";
			productName = "Navigation BarsTests";
			productReference = DEE697C91AA3EE1300F02C08 /* Navigation BarsTests.xctest */;
			productType = "com.apple.product-type.bundle.unit-test";
		};
/* End PBXNativeTarget section */

/* Begin PBXProject section */
		DEE697AC1AA3EE1200F02C08 /* Project object */ = {
			isa = PBXProject;
			attributes = {
				LastUpgradeCheck = 0600;
				ORGANIZATIONNAME = Merritte;
				TargetAttributes = {
					DEE697B31AA3EE1200F02C08 = {
						CreatedOnToolsVersion = 6.0;
					};
					DEE697C81AA3EE1300F02C08 = {
						CreatedOnToolsVersion = 6.0;
						TestTargetID = DEE697B31AA3EE1200F02C08;
					};
				};
			};
			buildConfigurationList = DEE697AF1AA3EE1200F02C08 /* Build configuration list for PBXProject "Navigation Bars" */;
			compatibilityVersion = "Xcode 3.2";
			developmentRegion = English;
			hasScannedForEncodings = 0;
			knownRegions = (
				en,
				Base,
			);
			mainGroup = DEE697AB1AA3EE1200F02C08;
			productRefGroup = DEE697B51AA3EE1300F02C08 /* Products */;
			projectDirPath = "";
			projectRoot = "";
			targets = (
				DEE697B31AA3EE1200F02C08 /* Navigation Bars */,
				DEE697C81AA3EE1300F02C08 /* Navigation BarsTests */,
			);
		};
/* End PBXProject section */

/* Begin PBXResourcesBuildPhase section */
		DEE697B21AA3EE1200F02C08 /* Resources */ = {
			isa = PBXResourcesBuildPhase;
			buildActionMask = 2147483647;
			files = (
				DEE697BF1AA3EE1300F02C08 /* Main.storyboard in Resources */,
				DEE697C41AA3EE1300F02C08 /* LaunchScreen.xib in Resources */,
				DEE697C11AA3EE1300F02C08 /* Images.xcassets in Resources */,
			);
			runOnlyForDeploymentPostprocessing = 0;
		};
		DEE697C71AA3EE1300F02C08 /* Resources */ = {
			isa = PBXResourcesBuildPhase;
			buildActionMask = 2147483647;
			files = (
			);
			runOnlyForDeploymentPostprocessing = 0;
		};
/* End PBXResourcesBuildPhase section */

/* Begin PBXSourcesBuildPhase section */
		DEE697B01AA3EE1200F02C08 /* Sources */ = {
			isa = PBXSourcesBuildPhase;
			buildActionMask = 2147483647;
			files = (
				DEE697BC1AA3EE1300F02C08 /* ViewController.swift in Sources */,
				DEE697BA1AA3EE1300F02C08 /* AppDelegate.swift in Sources */,
			);
			runOnlyForDeploymentPostprocessing = 0;
		};
		DEE697C51AA3EE1300F02C08 /* Sources */ = {
			isa = PBXSourcesBuildPhase;
			buildActionMask = 2147483647;
			files = (
				DEE697D01AA3EE1400F02C08 /* Navigation_BarsTests.swift in Sources */,
			);
			runOnlyForDeploymentPostprocessing = 0;
		};
/* End PBXSourcesBuildPhase section */

/* Begin PBXTargetDependency section */
		DEE697CB1AA3EE1300F02C08 /* PBXTargetDependency */ = {
			isa = PBXTargetDependency;
			target = DEE697B31AA3EE1200F02C08 /* Navigation Bars */;
			targetProxy = DEE697CA1AA3EE1300F02C08 /* PBXContainerItemProxy */;
		};
/* End PBXTargetDependency section */

/* Begin PBXVariantGroup section */
		DEE697BD1AA3EE1300F02C08 /* Main.storyboard */ = {
			isa = PBXVariantGroup;
			children = (
				DEE697BE1AA3EE1300F02C08 /* Base */,
			);
			name = Main.storyboard;
			sourceTree = "<group>";
		};
		DEE697C21AA3EE1300F02C08 /* LaunchScreen.xib */ = {
			isa = PBXVariantGroup;
			children = (
				DEE697C31AA3EE1300F02C08 /* Base */,
			);
			name = LaunchScreen.xib;
			sourceTree = "<group>";
		};
/* End PBXVariantGroup section */

/* Begin XCBuildConfiguration section */
		DEE697D11AA3EE1400F02C08 /* Debug */ = {
			isa = XCBuildConfiguration;
			buildSettings = {
				ALWAYS_SEARCH_USER_PATHS = NO;
				CLANG_CXX_LANGUAGE_STANDARD = "gnu++0x";
				CLANG_CXX_LIBRARY = "libc++";
				CLANG_ENABLE_MODULES = YES;
				CLANG_ENABLE_OBJC_ARC = YES;
				CLANG_WARN_BOOL_CONVERSION = YES;
				CLANG_WARN_CONSTANT_CONVERSION = YES;
				CLANG_WARN_DIRECT_OBJC_ISA_USAGE = YES_ERROR;
				CLANG_WARN_EMPTY_BODY = YES;
				CLANG_WARN_ENUM_CONVERSION = YES;
				CLANG_WARN_INT_CONVERSION = YES;
				CLANG_WARN_OBJC_ROOT_CLASS = YES_ERROR;
				CLANG_WARN_UNREACHABLE_CODE = YES;
				CLANG_WARN__DUPLICATE_METHOD_MATCH = YES;
				"CODE_SIGN_IDENTITY[sdk=iphoneos*]" = "iPhone Developer";
				COPY_PHASE_STRIP = NO;
				ENABLE_STRICT_OBJC_MSGSEND = YES;
				GCC_C_LANGUAGE_STANDARD = gnu99;
				GCC_DYNAMIC_NO_PIC = NO;
				GCC_OPTIMIZATION_LEVEL = 0;
				GCC_PREPROCESSOR_DEFINITIONS = (
					"DEBUG=1",
					"$(inherited)",
				);
				GCC_SYMBOLS_PRIVATE_EXTERN = NO;
				GCC_WARN_64_TO_32_BIT_CONVERSION = YES;
				GCC_WARN_ABOUT_RETURN_TYPE = YES_ERROR;
				GCC_WARN_UNDECLARED_SELECTOR = YES;
				GCC_WARN_UNINITIALIZED_AUTOS = YES_AGGRESSIVE;
				GCC_WARN_UNUSED_FUNCTION = YES;
				GCC_WARN_UNUSED_VARIABLE = YES;
				IPHONEOS_DEPLOYMENT_TARGET = 8.0;
				MTL_ENABLE_DEBUG_INFO = YES;
				ONLY_ACTIVE_ARCH = YES;
				SDKROOT = iphoneos;
				SWIFT_OPTIMIZATION_LEVEL = "-Onone";
				TARGETED_DEVICE_FAMILY = "1,2";
			};
			name = Debug;
		};
		DEE697D21AA3EE1400F02C08 /* Release */ = {
			isa = XCBuildConfiguration;
			buildSettings = {
				ALWAYS_SEARCH_USER_PATHS = NO;
				CLANG_CXX_LANGUAGE_STANDARD = "gnu++0x";
				CLANG_CXX_LIBRARY = "libc++";
				CLANG_ENABLE_MODULES = YES;
				CLANG_ENABLE_OBJC_ARC = YES;
				CLANG_WARN_BOOL_CONVERSION = YES;
				CLANG_WARN_CONSTANT_CONVERSION = YES;
				CLANG_WARN_DIRECT_OBJC_ISA_USAGE = YES_ERROR;
				CLANG_WARN_EMPTY_BODY = YES;
				CLANG_WARN_ENUM_CONVERSION = YES;
				CLANG_WARN_INT_CONVERSION = YES;
				CLANG_WARN_OBJC_ROOT_CLASS = YES_ERROR;
				CLANG_WARN_UNREACHABLE_CODE = YES;
				CLANG_WARN__DUPLICATE_METHOD_MATCH = YES;
				"CODE_SIGN_IDENTITY[sdk=iphoneos*]" = "iPhone Developer";
				COPY_PHASE_STRIP = YES;
				ENABLE_NS_ASSERTIONS = NO;
				ENABLE_STRICT_OBJC_MSGSEND = YES;
				GCC_C_LANGUAGE_STANDARD = gnu99;
				GCC_WARN_64_TO_32_BIT_CONVERSION = YES;
				GCC_WARN_ABOUT_RETURN_TYPE = YES_ERROR;
				GCC_WARN_UNDECLARED_SELECTOR = YES;
				GCC_WARN_UNINITIALIZED_AUTOS = YES_AGGRESSIVE;
				GCC_WARN_UNUSED_FUNCTION = YES;
				GCC_WARN_UNUSED_VARIABLE = YES;
				IPHONEOS_DEPLOYMENT_TARGET = 8.0;
				MTL_ENABLE_DEBUG_INFO = NO;
				SDKROOT = iphoneos;
				TARGETED_DEVICE_FAMILY = "1,2";
				VALIDATE_PRODUCT = YES;
			};
			name = Release;
		};
		DEE697D41AA3EE1400F02C08 /* Debug */ = {
			isa = XCBuildConfiguration;
			buildSettings = {
				ASSETCATALOG_COMPILER_APPICON_NAME = AppIcon;
				INFOPLIST_FILE = "Navigation Bars/Info.plist";
				LD_RUNPATH_SEARCH_PATHS = "$(inherited) @executable_path/Frameworks";
				PRODUCT_NAME = "$(TARGET_NAME)";
			};
			name = Debug;
		};
		DEE697D51AA3EE1400F02C08 /* Release */ = {
			isa = XCBuildConfiguration;
			buildSettings = {
				ASSETCATALOG_COMPILER_APPICON_NAME = AppIcon;
				INFOPLIST_FILE = "Navigation Bars/Info.plist";
				LD_RUNPATH_SEARCH_PATHS = "$(inherited) @executable_path/Frameworks";
				PRODUCT_NAME = "$(TARGET_NAME)";
			};
			name = Release;
		};
		DEE697D71AA3EE1400F02C08 /* Debug */ = {
			isa = XCBuildConfiguration;
			buildSettings = {
				BUNDLE_LOADER = "$(TEST_HOST)";
				FRAMEWORK_SEARCH_PATHS = (
					"$(SDKROOT)/Developer/Library/Frameworks",
					"$(inherited)",
				);
				GCC_PREPROCESSOR_DEFINITIONS = (
					"DEBUG=1",
					"$(inherited)",
				);
				INFOPLIST_FILE = "Navigation BarsTests/Info.plist";
				LD_RUNPATH_SEARCH_PATHS = "$(inherited) @executable_path/Frameworks @loader_path/Frameworks";
				PRODUCT_NAME = "$(TARGET_NAME)";
				TEST_HOST = "$(BUILT_PRODUCTS_DIR)/Navigation Bars.app/Navigation Bars";
			};
			name = Debug;
		};
		DEE697D81AA3EE1400F02C08 /* Release */ = {
			isa = XCBuildConfiguration;
			buildSettings = {
				BUNDLE_LOADER = "$(TEST_HOST)";
				FRAMEWORK_SEARCH_PATHS = (
					"$(SDKROOT)/Developer/Library/Frameworks",
					"$(inherited)",
				);
				INFOPLIST_FILE = "Navigation BarsTests/Info.plist";
				LD_RUNPATH_SEARCH_PATHS = "$(inherited) @executable_path/Frameworks @loader_path/Frameworks";
				PRODUCT_NAME = "$(TARGET_NAME)";
				TEST_HOST = "$(BUILT_PRODUCTS_DIR)/Navigation Bars.app/Navigation Bars";
			};
			name = Release;
		};
/* End XCBuildConfiguration section */

/* Begin XCConfigurationList section */
		DEE697AF1AA3EE1200F02C08 /* Build configuration list for PBXProject "Navigation Bars" */ = {
			isa = XCConfigurationList;
			buildConfigurations = (
				DEE697D11AA3EE1400F02C08 /* Debug */,
				DEE697D21AA3EE1400F02C08 /* Release */,
			);
			defaultConfigurationIsVisible = 0;
			defaultConfigurationName = Release;
		};
		DEE697D31AA3EE1400F02C08 /* Build configuration list for PBXNativeTarget "Navigation Bars" */ = {
			isa = XCConfigurationList;
			buildConfigurations = (
				DEE697D41AA3EE1400F02C08 /* Debug */,
				DEE697D51AA3EE1400F02C08 /* Release */,
			);
			defaultConfigurationIsVisible = 0;
		};
		DEE697D61AA3EE1400F02C08 /* Build configuration list for PBXNativeTarget "Navigation BarsTests" */ = {
			isa = XCConfigurationList;
			buildConfigurations = (
				DEE697D71AA3EE1400F02C08 /* Debug */,
				DEE697D81AA3EE1400F02C08 /* Release */,
			);
			defaultConfigurationIsVisible = 0;
		};
/* End XCConfigurationList section */
	};
	rootObject = DEE697AC1AA3EE1200F02C08 /* Project object */;
}
